// !$*UTF8*$!
{
	archiveVersion = 1;
	classes = {
	};
	objectVersion = 51;
	objects = {

/* Begin PBXBuildFile section */
		4800F24D283E796C00A1D741 /* GoogleService-Info.plist in Resources */ = {isa = PBXBuildFile; fileRef = 4800F24C283E796C00A1D741 /* GoogleService-Info.plist */; };
		4807E1212848FDA300C3851E /* Coins.xcdatamodeld in Sources */ = {isa = PBXBuildFile; fileRef = 4807E11F2848FDA300C3851E /* Coins.xcdatamodeld */; };
		480D8E2C283D211600FCFE6D /* HomeViewController.swift in Sources */ = {isa = PBXBuildFile; fileRef = 480D8E2B283D211600FCFE6D /* HomeViewController.swift */; };
		480D8E2F283D212A00FCFE6D /* RegistroViewController.swift in Sources */ = {isa = PBXBuildFile; fileRef = 480D8E2E283D212A00FCFE6D /* RegistroViewController.swift */; };
		48E1F04028450BE800FC57CC /* CriptoDatos.swift in Sources */ = {isa = PBXBuildFile; fileRef = 48E1F03F28450BE800FC57CC /* CriptoDatos.swift */; };
		48E1F04328450C3300FC57CC /* CriptoManager.swift in Sources */ = {isa = PBXBuildFile; fileRef = 48E1F04228450C3300FC57CC /* CriptoManager.swift */; };
		48E1F0472845139E00FC57CC /* TableViewCell.swift in Sources */ = {isa = PBXBuildFile; fileRef = 48E1F0452845139E00FC57CC /* TableViewCell.swift */; };
		48E1F0482845139F00FC57CC /* TableViewCell.xib in Resources */ = {isa = PBXBuildFile; fileRef = 48E1F0462845139E00FC57CC /* TableViewCell.xib */; };
		48E34763283FCA9F0012419C /* MapaViewController.swift in Sources */ = {isa = PBXBuildFile; fileRef = 48E34762283FCA9F0012419C /* MapaViewController.swift */; };
		48E5730F28411CFE00D9E57F /* PrincipalViewController.swift in Sources */ = {isa = PBXBuildFile; fileRef = 48E5730E28411CFE00D9E57F /* PrincipalViewController.swift */; };
		48E5731228411D7600D9E57F /* DetalleViewController.swift in Sources */ = {isa = PBXBuildFile; fileRef = 48E5731128411D7600D9E57F /* DetalleViewController.swift */; };
		48E5A7FF283BCD2600251601 /* AppDelegate.swift in Sources */ = {isa = PBXBuildFile; fileRef = 48E5A7FE283BCD2600251601 /* AppDelegate.swift */; };
		48E5A801283BCD2600251601 /* SceneDelegate.swift in Sources */ = {isa = PBXBuildFile; fileRef = 48E5A800283BCD2600251601 /* SceneDelegate.swift */; };
		48E5A803283BCD2600251601 /* ViewController.swift in Sources */ = {isa = PBXBuildFile; fileRef = 48E5A802283BCD2600251601 /* ViewController.swift */; };
		48E5A806283BCD2600251601 /* Main.storyboard in Resources */ = {isa = PBXBuildFile; fileRef = 48E5A804283BCD2600251601 /* Main.storyboard */; };
		48E5A80B283BCD3000251601 /* Assets.xcassets in Resources */ = {isa = PBXBuildFile; fileRef = 48E5A80A283BCD3000251601 /* Assets.xcassets */; };
		48E5A80E283BCD3000251601 /* LaunchScreen.storyboard in Resources */ = {isa = PBXBuildFile; fileRef = 48E5A80C283BCD3000251601 /* LaunchScreen.storyboard */; };
		9ED259B73D1FAC6EF3630AAC /* Pods_MenuFirebase.framework in Frameworks */ = {isa = PBXBuildFile; fileRef = 4B4C9527DC2ACA11CC610BA3 /* Pods_MenuFirebase.framework */; };
/* End PBXBuildFile section */

/* Begin PBXFileReference section */
		4800F24C283E796C00A1D741 /* GoogleService-Info.plist */ = {isa = PBXFileReference; lastKnownFileType = text.plist; path = "GoogleService-Info.plist"; sourceTree = SOURCE_ROOT; };
		4807E1202848FDA300C3851E /* Coins.xcdatamodel */ = {isa = PBXFileReference; lastKnownFileType = wrapper.xcdatamodel; path = Coins.xcdatamodel; sourceTree = "<group>"; };
		480D8E2B283D211600FCFE6D /* HomeViewController.swift */ = {isa = PBXFileReference; lastKnownFileType = sourcecode.swift; path = HomeViewController.swift; sourceTree = "<group>"; };
		480D8E2E283D212A00FCFE6D /* RegistroViewController.swift */ = {isa = PBXFileReference; lastKnownFileType = sourcecode.swift; path = RegistroViewController.swift; sourceTree = "<group>"; };
		48E1F03F28450BE800FC57CC /* CriptoDatos.swift */ = {isa = PBXFileReference; lastKnownFileType = sourcecode.swift; path = CriptoDatos.swift; sourceTree = "<group>"; };
		48E1F04228450C3300FC57CC /* CriptoManager.swift */ = {isa = PBXFileReference; lastKnownFileType = sourcecode.swift; path = CriptoManager.swift; sourceTree = "<group>"; };
		48E1F0452845139E00FC57CC /* TableViewCell.swift */ = {isa = PBXFileReference; lastKnownFileType = sourcecode.swift; path = TableViewCell.swift; sourceTree = "<group>"; };
		48E1F0462845139E00FC57CC /* TableViewCell.xib */ = {isa = PBXFileReference; lastKnownFileType = file.xib; path = TableViewCell.xib; sourceTree = "<group>"; };
		48E34762283FCA9F0012419C /* MapaViewController.swift */ = {isa = PBXFileReference; lastKnownFileType = sourcecode.swift; path = MapaViewController.swift; sourceTree = "<group>"; };
		48E5730E28411CFE00D9E57F /* PrincipalViewController.swift */ = {isa = PBXFileReference; lastKnownFileType = sourcecode.swift; path = PrincipalViewController.swift; sourceTree = "<group>"; };
		48E5731128411D7600D9E57F /* DetalleViewController.swift */ = {isa = PBXFileReference; lastKnownFileType = sourcecode.swift; path = DetalleViewController.swift; sourceTree = "<group>"; };
		48E5A7FB283BCD2600251601 /* MenuFirebase.app */ = {isa = PBXFileReference; explicitFileType = wrapper.application; includeInIndex = 0; path = MenuFirebase.app; sourceTree = BUILT_PRODUCTS_DIR; };
		48E5A7FE283BCD2600251601 /* AppDelegate.swift */ = {isa = PBXFileReference; lastKnownFileType = sourcecode.swift; path = AppDelegate.swift; sourceTree = "<group>"; };
		48E5A800283BCD2600251601 /* SceneDelegate.swift */ = {isa = PBXFileReference; lastKnownFileType = sourcecode.swift; path = SceneDelegate.swift; sourceTree = "<group>"; };
		48E5A802283BCD2600251601 /* ViewController.swift */ = {isa = PBXFileReference; lastKnownFileType = sourcecode.swift; path = ViewController.swift; sourceTree = "<group>"; };
		48E5A805283BCD2600251601 /* Base */ = {isa = PBXFileReference; lastKnownFileType = file.storyboard; name = Base; path = Base.lproj/Main.storyboard; sourceTree = "<group>"; };
		48E5A80A283BCD3000251601 /* Assets.xcassets */ = {isa = PBXFileReference; lastKnownFileType = folder.assetcatalog; path = Assets.xcassets; sourceTree = "<group>"; };
		48E5A80D283BCD3000251601 /* Base */ = {isa = PBXFileReference; lastKnownFileType = file.storyboard; name = Base; path = Base.lproj/LaunchScreen.storyboard; sourceTree = "<group>"; };
		48E5A80F283BCD3000251601 /* Info.plist */ = {isa = PBXFileReference; lastKnownFileType = text.plist.xml; path = Info.plist; sourceTree = "<group>"; };
		4B4C9527DC2ACA11CC610BA3 /* Pods_MenuFirebase.framework */ = {isa = PBXFileReference; explicitFileType = wrapper.framework; includeInIndex = 0; path = Pods_MenuFirebase.framework; sourceTree = BUILT_PRODUCTS_DIR; };
		84F666345F98736FBCDB03C7 /* Pods-MenuFirebase.debug.xcconfig */ = {isa = PBXFileReference; includeInIndex = 1; lastKnownFileType = text.xcconfig; name = "Pods-MenuFirebase.debug.xcconfig"; path = "Target Support Files/Pods-MenuFirebase/Pods-MenuFirebase.debug.xcconfig"; sourceTree = "<group>"; };
		D928605DB8DB48E34D97A87D /* Pods-MenuFirebase.release.xcconfig */ = {isa = PBXFileReference; includeInIndex = 1; lastKnownFileType = text.xcconfig; name = "Pods-MenuFirebase.release.xcconfig"; path = "Target Support Files/Pods-MenuFirebase/Pods-MenuFirebase.release.xcconfig"; sourceTree = "<group>"; };
/* End PBXFileReference section */

/* Begin PBXFrameworksBuildPhase section */
		48E5A7F8283BCD2600251601 /* Frameworks */ = {
			isa = PBXFrameworksBuildPhase;
			buildActionMask = 2147483647;
			files = (
				9ED259B73D1FAC6EF3630AAC /* Pods_MenuFirebase.framework in Frameworks */,
			);
			runOnlyForDeploymentPostprocessing = 0;
		};
/* End PBXFrameworksBuildPhase section */

/* Begin PBXGroup section */
		48E5A7F2283BCD2600251601 = {
			isa = PBXGroup;
			children = (
				48E5A7FD283BCD2600251601 /* MenuFirebase */,
				48E5A7FC283BCD2600251601 /* Products */,
				9B3C291B85D7D9B9BBB67B55 /* Pods */,
				9E82A1A7AF0E6D9151798D55 /* Frameworks */,
			);
			sourceTree = "<group>";
		};
		48E5A7FC283BCD2600251601 /* Products */ = {
			isa = PBXGroup;
			children = (
				48E5A7FB283BCD2600251601 /* MenuFirebase.app */,
			);
			name = Products;
			sourceTree = "<group>";
		};
		48E5A7FD283BCD2600251601 /* MenuFirebase */ = {
			isa = PBXGroup;
			children = (
				48E5A7FE283BCD2600251601 /* AppDelegate.swift */,
				48E5A800283BCD2600251601 /* SceneDelegate.swift */,
				48E5A802283BCD2600251601 /* ViewController.swift */,
				48E5A804283BCD2600251601 /* Main.storyboard */,
				48E5A80A283BCD3000251601 /* Assets.xcassets */,
				48E5A80C283BCD3000251601 /* LaunchScreen.storyboard */,
				48E5A80F283BCD3000251601 /* Info.plist */,
				4800F24C283E796C00A1D741 /* GoogleService-Info.plist */,
				480D8E2B283D211600FCFE6D /* HomeViewController.swift */,
				480D8E2E283D212A00FCFE6D /* RegistroViewController.swift */,
				48E34762283FCA9F0012419C /* MapaViewController.swift */,
				48E5730E28411CFE00D9E57F /* PrincipalViewController.swift */,
				48E5731128411D7600D9E57F /* DetalleViewController.swift */,
				48E1F03F28450BE800FC57CC /* CriptoDatos.swift */,
				48E1F04228450C3300FC57CC /* CriptoManager.swift */,
				48E1F0452845139E00FC57CC /* TableViewCell.swift */,
				48E1F0462845139E00FC57CC /* TableViewCell.xib */,
				4807E11F2848FDA300C3851E /* Coins.xcdatamodeld */,
			);
			path = MenuFirebase;
			sourceTree = "<group>";
		};
		9B3C291B85D7D9B9BBB67B55 /* Pods */ = {
			isa = PBXGroup;
			children = (
				84F666345F98736FBCDB03C7 /* Pods-MenuFirebase.debug.xcconfig */,
				D928605DB8DB48E34D97A87D /* Pods-MenuFirebase.release.xcconfig */,
			);
			path = Pods;
			sourceTree = "<group>";
		};
		9E82A1A7AF0E6D9151798D55 /* Frameworks */ = {
			isa = PBXGroup;
			children = (
				4B4C9527DC2ACA11CC610BA3 /* Pods_MenuFirebase.framework */,
			);
			name = Frameworks;
			sourceTree = "<group>";
		};
/* End PBXGroup section */

/* Begin PBXNativeTarget section */
		48E5A7FA283BCD2600251601 /* MenuFirebase */ = {
			isa = PBXNativeTarget;
			buildConfigurationList = 48E5A812283BCD3000251601 /* Build configuration list for PBXNativeTarget "MenuFirebase" */;
			buildPhases = (
				5BF692E0E7FF53A51B3F4AEA /* [CP] Check Pods Manifest.lock */,
				48E5A7F7283BCD2600251601 /* Sources */,
				48E5A7F8283BCD2600251601 /* Frameworks */,
				48E5A7F9283BCD2600251601 /* Resources */,
				4588EC746CAA447C770A9B30 /* [CP] Embed Pods Frameworks */,
			);
			buildRules = (
			);
			dependencies = (
			);
			name = MenuFirebase;
			productName = MenuFirebase;
			productReference = 48E5A7FB283BCD2600251601 /* MenuFirebase.app */;
			productType = "com.apple.product-type.application";
		};
/* End PBXNativeTarget section */

/* Begin PBXProject section */
		48E5A7F3283BCD2600251601 /* Project object */ = {
			isa = PBXProject;
			attributes = {
				LastSwiftUpdateCheck = 1240;
				LastUpgradeCheck = 1240;
				TargetAttributes = {
					48E5A7FA283BCD2600251601 = {
						CreatedOnToolsVersion = 12.4;
					};
				};
			};
			buildConfigurationList = 48E5A7F6283BCD2600251601 /* Build configuration list for PBXProject "MenuFirebase" */;
			compatibilityVersion = "Xcode 9.3";
			developmentRegion = en;
			hasScannedForEncodings = 0;
			knownRegions = (
				en,
				Base,
			);
			mainGroup = 48E5A7F2283BCD2600251601;
			productRefGroup = 48E5A7FC283BCD2600251601 /* Products */;
			projectDirPath = "";
			projectRoot = "";
			targets = (
				48E5A7FA283BCD2600251601 /* MenuFirebase */,
			);
		};
/* End PBXProject section */

/* Begin PBXResourcesBuildPhase section */
		48E5A7F9283BCD2600251601 /* Resources */ = {
			isa = PBXResourcesBuildPhase;
			buildActionMask = 2147483647;
			files = (
				48E5A80E283BCD3000251601 /* LaunchScreen.storyboard in Resources */,
				48E1F0482845139F00FC57CC /* TableViewCell.xib in Resources */,
				4800F24D283E796C00A1D741 /* GoogleService-Info.plist in Resources */,
				48E5A80B283BCD3000251601 /* Assets.xcassets in Resources */,
				48E5A806283BCD2600251601 /* Main.storyboard in Resources */,
			);
			runOnlyForDeploymentPostprocessing = 0;
		};
/* End PBXResourcesBuildPhase section */

/* Begin PBXShellScriptBuildPhase section */
		4588EC746CAA447C770A9B30 /* [CP] Embed Pods Frameworks */ = {
			isa = PBXShellScriptBuildPhase;
			buildActionMask = 2147483647;
			files = (
			);
			inputFileListPaths = (
				"${PODS_ROOT}/Target Support Files/Pods-MenuFirebase/Pods-MenuFirebase-frameworks-${CONFIGURATION}-input-files.xcfilelist",
			);
			name = "[CP] Embed Pods Frameworks";
			outputFileListPaths = (
				"${PODS_ROOT}/Target Support Files/Pods-MenuFirebase/Pods-MenuFirebase-frameworks-${CONFIGURATION}-output-files.xcfilelist",
			);
			runOnlyForDeploymentPostprocessing = 0;
			shellPath = /bin/sh;
			shellScript = "\"${PODS_ROOT}/Target Support Files/Pods-MenuFirebase/Pods-MenuFirebase-frameworks.sh\"\n";
			showEnvVarsInLog = 0;
		};
		5BF692E0E7FF53A51B3F4AEA /* [CP] Check Pods Manifest.lock */ = {
			isa = PBXShellScriptBuildPhase;
			buildActionMask = 2147483647;
			files = (
			);
			inputFileListPaths = (
			);
			inputPaths = (
				"${PODS_PODFILE_DIR_PATH}/Podfile.lock",
				"${PODS_ROOT}/Manifest.lock",
			);
			name = "[CP] Check Pods Manifest.lock";
			outputFileListPaths = (
			);
			outputPaths = (
				"$(DERIVED_FILE_DIR)/Pods-MenuFirebase-checkManifestLockResult.txt",
			);
			runOnlyForDeploymentPostprocessing = 0;
			shellPath = /bin/sh;
			shellScript = "diff \"${PODS_PODFILE_DIR_PATH}/Podfile.lock\" \"${PODS_ROOT}/Manifest.lock\" > /dev/null\nif [ $? != 0 ] ; then\n    # print error to STDERR\n    echo \"error: The sandbox is not in sync with the Podfile.lock. Run 'pod install' or update your CocoaPods installation.\" >&2\n    exit 1\nfi\n# This output is used by Xcode 'outputs' to avoid re-running this script phase.\necho \"SUCCESS\" > \"${SCRIPT_OUTPUT_FILE_0}\"\n";
			showEnvVarsInLog = 0;
		};
/* End PBXShellScriptBuildPhase section */

/* Begin PBXSourcesBuildPhase section */
		48E5A7F7283BCD2600251601 /* Sources */ = {
			isa = PBXSourcesBuildPhase;
			buildActionMask = 2147483647;
			files = (
				480D8E2C283D211600FCFE6D /* HomeViewController.swift in Sources */,
				4807E1212848FDA300C3851E /* Coins.xcdatamodeld in Sources */,
				48E5730F28411CFE00D9E57F /* PrincipalViewController.swift in Sources */,
				48E1F04328450C3300FC57CC /* CriptoManager.swift in Sources */,
				480D8E2F283D212A00FCFE6D /* RegistroViewController.swift in Sources */,
				48E5731228411D7600D9E57F /* DetalleViewController.swift in Sources */,
				48E1F04028450BE800FC57CC /* CriptoDatos.swift in Sources */,
				48E5A803283BCD2600251601 /* ViewController.swift in Sources */,
				48E5A7FF283BCD2600251601 /* AppDelegate.swift in Sources */,
				48E34763283FCA9F0012419C /* MapaViewController.swift in Sources */,
				48E1F0472845139E00FC57CC /* TableViewCell.swift in Sources */,
				48E5A801283BCD2600251601 /* SceneDelegate.swift in Sources */,
			);
			runOnlyForDeploymentPostprocessing = 0;
		};
/* End PBXSourcesBuildPhase section */

/* Begin PBXVariantGroup section */
		48E5A804283BCD2600251601 /* Main.storyboard */ = {
			isa = PBXVariantGroup;
			children = (
				48E5A805283BCD2600251601 /* Base */,
			);
			name = Main.storyboard;
			sourceTree = "<group>";
		};
		48E5A80C283BCD3000251601 /* LaunchScreen.storyboard */ = {
			isa = PBXVariantGroup;
			children = (
				48E5A80D283BCD3000251601 /* Base */,
			);
			name = LaunchScreen.storyboard;
			sourceTree = "<group>";
		};
/* End PBXVariantGroup section */

/* Begin XCBuildConfiguration section */
		48E5A810283BCD3000251601 /* Debug */ = {
			isa = XCBuildConfiguration;
			buildSettings = {
				ALWAYS_SEARCH_USER_PATHS = NO;
				CLANG_ANALYZER_NONNULL = YES;
				CLANG_ANALYZER_NUMBER_OBJECT_CONVERSION = YES_AGGRESSIVE;
				CLANG_CXX_LANGUAGE_STANDARD = "gnu++14";
				CLANG_CXX_LIBRARY = "libc++";
				CLANG_ENABLE_MODULES = YES;
				CLANG_ENABLE_OBJC_ARC = YES;
				CLANG_ENABLE_OBJC_WEAK = YES;
				CLANG_WARN_BLOCK_CAPTURE_AUTORELEASING = YES;
				CLANG_WARN_BOOL_CONVERSION = YES;
				CLANG_WARN_COMMA = YES;
				CLANG_WARN_CONSTANT_CONVERSION = YES;
				CLANG_WARN_DEPRECATED_OBJC_IMPLEMENTATIONS = YES;
				CLANG_WARN_DIRECT_OBJC_ISA_USAGE = YES_ERROR;
				CLANG_WARN_DOCUMENTATION_COMMENTS = YES;
				CLANG_WARN_EMPTY_BODY = YES;
				CLANG_WARN_ENUM_CONVERSION = YES;
				CLANG_WARN_INFINITE_RECURSION = YES;
				CLANG_WARN_INT_CONVERSION = YES;
				CLANG_WARN_NON_LITERAL_NULL_CONVERSION = YES;
				CLANG_WARN_OBJC_IMPLICIT_RETAIN_SELF = YES;
				CLANG_WARN_OBJC_LITERAL_CONVERSION = YES;
				CLANG_WARN_OBJC_ROOT_CLASS = YES_ERROR;
				CLANG_WARN_QUOTED_INCLUDE_IN_FRAMEWORK_HEADER = YES;
				CLANG_WARN_RANGE_LOOP_ANALYSIS = YES;
				CLANG_WARN_STRICT_PROTOTYPES = YES;
				CLANG_WARN_SUSPICIOUS_MOVE = YES;
				CLANG_WARN_UNGUARDED_AVAILABILITY = YES_AGGRESSIVE;
				CLANG_WARN_UNREACHABLE_CODE = YES;
				CLANG_WARN__DUPLICATE_METHOD_MATCH = YES;
				COPY_PHASE_STRIP = NO;
				DEBUG_INFORMATION_FORMAT = dwarf;
				ENABLE_STRICT_OBJC_MSGSEND = YES;
				ENABLE_TESTABILITY = YES;
				GCC_C_LANGUAGE_STANDARD = gnu11;
				GCC_DYNAMIC_NO_PIC = NO;
				GCC_NO_COMMON_BLOCKS = YES;
				GCC_OPTIMIZATION_LEVEL = 0;
				GCC_PREPROCESSOR_DEFINITIONS = (
					"DEBUG=1",
					"$(inherited)",
				);
				GCC_WARN_64_TO_32_BIT_CONVERSION = YES;
				GCC_WARN_ABOUT_RETURN_TYPE = YES_ERROR;
				GCC_WARN_UNDECLARED_SELECTOR = YES;
				GCC_WARN_UNINITIALIZED_AUTOS = YES_AGGRESSIVE;
				GCC_WARN_UNUSED_FUNCTION = YES;
				GCC_WARN_UNUSED_VARIABLE = YES;
				IPHONEOS_DEPLOYMENT_TARGET = 14.4;
				MTL_ENABLE_DEBUG_INFO = INCLUDE_SOURCE;
				MTL_FAST_MATH = YES;
				ONLY_ACTIVE_ARCH = YES;
				SDKROOT = iphoneos;
				SWIFT_ACTIVE_COMPILATION_CONDITIONS = DEBUG;
				SWIFT_OPTIMIZATION_LEVEL = "-Onone";
			};
			name = Debug;
		};
		48E5A811283BCD3000251601 /* Release */ = {
			isa = XCBuildConfiguration;
			buildSettings = {
				ALWAYS_SEARCH_USER_PATHS = NO;
				CLANG_ANALYZER_NONNULL = YES;
				CLANG_ANALYZER_NUMBER_OBJECT_CONVERSION = YES_AGGRESSIVE;
				CLANG_CXX_LANGUAGE_STANDARD = "gnu++14";
				CLANG_CXX_LIBRARY = "libc++";
				CLANG_ENABLE_MODULES = YES;
				CLANG_ENABLE_OBJC_ARC = YES;
				CLANG_ENABLE_OBJC_WEAK = YES;
				CLANG_WARN_BLOCK_CAPTURE_AUTORELEASING = YES;
				CLANG_WARN_BOOL_CONVERSION = YES;
				CLANG_WARN_COMMA = YES;
				CLANG_WARN_CONSTANT_CONVERSION = YES;
				CLANG_WARN_DEPRECATED_OBJC_IMPLEMENTATIONS = YES;
				CLANG_WARN_DIRECT_OBJC_ISA_USAGE = YES_ERROR;
				CLANG_WARN_DOCUMENTATION_COMMENTS = YES;
				CLANG_WARN_EMPTY_BODY = YES;
				CLANG_WARN_ENUM_CONVERSION = YES;
				CLANG_WARN_INFINITE_RECURSION = YES;
				CLANG_WARN_INT_CONVERSION = YES;
				CLANG_WARN_NON_LITERAL_NULL_CONVERSION = YES;
				CLANG_WARN_OBJC_IMPLICIT_RETAIN_SELF = YES;
				CLANG_WARN_OBJC_LITERAL_CONVERSION = YES;
				CLANG_WARN_OBJC_ROOT_CLASS = YES_ERROR;
				CLANG_WARN_QUOTED_INCLUDE_IN_FRAMEWORK_HEADER = YES;
				CLANG_WARN_RANGE_LOOP_ANALYSIS = YES;
				CLANG_WARN_STRICT_PROTOTYPES = YES;
				CLANG_WARN_SUSPICIOUS_MOVE = YES;
				CLANG_WARN_UNGUARDED_AVAILABILITY = YES_AGGRESSIVE;
				CLANG_WARN_UNREACHABLE_CODE = YES;
				CLANG_WARN__DUPLICATE_METHOD_MATCH = YES;
				COPY_PHASE_STRIP = NO;
				DEBUG_INFORMATION_FORMAT = "dwarf-with-dsym";
				ENABLE_NS_ASSERTIONS = NO;
				ENABLE_STRICT_OBJC_MSGSEND = YES;
				GCC_C_LANGUAGE_STANDARD = gnu11;
				GCC_NO_COMMON_BLOCKS = YES;
				GCC_WARN_64_TO_32_BIT_CONVERSION = YES;
				GCC_WARN_ABOUT_RETURN_TYPE = YES_ERROR;
				GCC_WARN_UNDECLARED_SELECTOR = YES;
				GCC_WARN_UNINITIALIZED_AUTOS = YES_AGGRESSIVE;
				GCC_WARN_UNUSED_FUNCTION = YES;
				GCC_WARN_UNUSED_VARIABLE = YES;
				IPHONEOS_DEPLOYMENT_TARGET = 14.4;
				MTL_ENABLE_DEBUG_INFO = NO;
				MTL_FAST_MATH = YES;
				SDKROOT = iphoneos;
				SWIFT_COMPILATION_MODE = wholemodule;
				SWIFT_OPTIMIZATION_LEVEL = "-O";
				VALIDATE_PRODUCT = YES;
			};
			name = Release;
		};
		48E5A813283BCD3000251601 /* Debug */ = {
			isa = XCBuildConfiguration;
			baseConfigurationReference = 84F666345F98736FBCDB03C7 /* Pods-MenuFirebase.debug.xcconfig */;
			buildSettings = {
				ASSETCATALOG_COMPILER_APPICON_NAME = AppIcon;
				ASSETCATALOG_COMPILER_GLOBAL_ACCENT_COLOR_NAME = AccentColor;
				CODE_SIGN_STYLE = Automatic;
				INFOPLIST_FILE = MenuFirebase/Info.plist;
				LD_RUNPATH_SEARCH_PATHS = (
					"$(inherited)",
					"@executable_path/Frameworks",
				);
				PRODUCT_BUNDLE_IDENTIFIER = practica1hola.MenuFirebase;
				PRODUCT_NAME = "$(TARGET_NAME)";
				SWIFT_VERSION = 5.0;
				TARGETED_DEVICE_FAMILY = "1,2";
			};
			name = Debug;
		};
		48E5A814283BCD3000251601 /* Release */ = {
			isa = XCBuildConfiguration;
			baseConfigurationReference = D928605DB8DB48E34D97A87D /* Pods-MenuFirebase.release.xcconfig */;
			buildSettings = {
				ASSETCATALOG_COMPILER_APPICON_NAME = AppIcon;
				ASSETCATALOG_COMPILER_GLOBAL_ACCENT_COLOR_NAME = AccentColor;
				CODE_SIGN_STYLE = Automatic;
				INFOPLIST_FILE = MenuFirebase/Info.plist;
				LD_RUNPATH_SEARCH_PATHS = (
					"$(inherited)",
					"@executable_path/Frameworks",
				);
				PRODUCT_BUNDLE_IDENTIFIER = practica1hola.MenuFirebase;
				PRODUCT_NAME = "$(TARGET_NAME)";
				SWIFT_VERSION = 5.0;
				TARGETED_DEVICE_FAMILY = "1,2";
			};
			name = Release;
		};
/* End XCBuildConfiguration section */

/* Begin XCConfigurationList section */
		48E5A7F6283BCD2600251601 /* Build configuration list for PBXProject "MenuFirebase" */ = {
			isa = XCConfigurationList;
			buildConfigurations = (
				48E5A810283BCD3000251601 /* Debug */,
				48E5A811283BCD3000251601 /* Release */,
			);
			defaultConfigurationIsVisible = 0;
			defaultConfigurationName = Release;
		};
		48E5A812283BCD3000251601 /* Build configuration list for PBXNativeTarget "MenuFirebase" */ = {
			isa = XCConfigurationList;
			buildConfigurations = (
				48E5A813283BCD3000251601 /* Debug */,
				48E5A814283BCD3000251601 /* Release */,
			);
			defaultConfigurationIsVisible = 0;
			defaultConfigurationName = Release;
		};
/* End XCConfigurationList section */

/* Begin XCVersionGroup section */
		4807E11F2848FDA300C3851E /* Coins.xcdatamodeld */ = {
			isa = XCVersionGroup;
			children = (
				4807E1202848FDA300C3851E /* Coins.xcdatamodel */,
			);
			currentVersion = 4807E1202848FDA300C3851E /* Coins.xcdatamodel */;
			path = Coins.xcdatamodeld;
			sourceTree = "<group>";
			versionGroupType = wrapper.xcdatamodel;
		};
/* End XCVersionGroup section */
	};
	rootObject = 48E5A7F3283BCD2600251601 /* Project object */;
}
