// !$*UTF8*$!
{
	archiveVersion = 1;
	classes = {
	};
	objectVersion = 50;
	objects = {

/* Begin PBXBuildFile section */
		3808E4E927ECC26700BFB80A /* DatosClima.swift in Sources */ = {isa = PBXBuildFile; fileRef = 3808E4E827ECC26700BFB80A /* DatosClima.swift */; };
		3808E4EC27ECC38900BFB80A /* ClimaModelo.swift in Sources */ = {isa = PBXBuildFile; fileRef = 3808E4EB27ECC38900BFB80A /* ClimaModelo.swift */; };
		380AB0BE27E3872100A1CE8C /* AppDelegate.swift in Sources */ = {isa = PBXBuildFile; fileRef = 380AB0BD27E3872100A1CE8C /* AppDelegate.swift */; };
		380AB0C027E3872100A1CE8C /* SceneDelegate.swift in Sources */ = {isa = PBXBuildFile; fileRef = 380AB0BF27E3872100A1CE8C /* SceneDelegate.swift */; };
		380AB0C227E3872100A1CE8C /* ViewController.swift in Sources */ = {isa = PBXBuildFile; fileRef = 380AB0C127E3872100A1CE8C /* ViewController.swift */; };
		380AB0C527E3872100A1CE8C /* Main.storyboard in Resources */ = {isa = PBXBuildFile; fileRef = 380AB0C327E3872100A1CE8C /* Main.storyboard */; };
		380AB0C727E3872700A1CE8C /* Assets.xcassets in Resources */ = {isa = PBXBuildFile; fileRef = 380AB0C627E3872700A1CE8C /* Assets.xcassets */; };
		380AB0CA27E3872700A1CE8C /* LaunchScreen.storyboard in Resources */ = {isa = PBXBuildFile; fileRef = 380AB0C827E3872700A1CE8C /* LaunchScreen.storyboard */; };
		38863C9A27EB71DE001469EA /* ClimaManager.swift in Sources */ = {isa = PBXBuildFile; fileRef = 38863C9927EB71DE001469EA /* ClimaManager.swift */; };
/* End PBXBuildFile section */

/* Begin PBXFileReference section */
		3808E4E827ECC26700BFB80A /* DatosClima.swift */ = {isa = PBXFileReference; lastKnownFileType = sourcecode.swift; path = DatosClima.swift; sourceTree = "<group>"; };
		3808E4EB27ECC38900BFB80A /* ClimaModelo.swift */ = {isa = PBXFileReference; lastKnownFileType = sourcecode.swift; path = ClimaModelo.swift; sourceTree = "<group>"; };
		380AB0BA27E3872100A1CE8C /* Clima.app */ = {isa = PBXFileReference; explicitFileType = wrapper.application; includeInIndex = 0; path = Clima.app; sourceTree = BUILT_PRODUCTS_DIR; };
		380AB0BD27E3872100A1CE8C /* AppDelegate.swift */ = {isa = PBXFileReference; lastKnownFileType = sourcecode.swift; path = AppDelegate.swift; sourceTree = "<group>"; };
		380AB0BF27E3872100A1CE8C /* SceneDelegate.swift */ = {isa = PBXFileReference; lastKnownFileType = sourcecode.swift; path = SceneDelegate.swift; sourceTree = "<group>"; };
		380AB0C127E3872100A1CE8C /* ViewController.swift */ = {isa = PBXFileReference; lastKnownFileType = sourcecode.swift; path = ViewController.swift; sourceTree = "<group>"; };
		380AB0C427E3872100A1CE8C /* Base */ = {isa = PBXFileReference; lastKnownFileType = file.storyboard; name = Base; path = Base.lproj/Main.storyboard; sourceTree = "<group>"; };
		380AB0C627E3872700A1CE8C /* Assets.xcassets */ = {isa = PBXFileReference; lastKnownFileType = folder.assetcatalog; path = Assets.xcassets; sourceTree = "<group>"; };
		380AB0C927E3872700A1CE8C /* Base */ = {isa = PBXFileReference; lastKnownFileType = file.storyboard; name = Base; path = Base.lproj/LaunchScreen.storyboard; sourceTree = "<group>"; };
		380AB0CB27E3872700A1CE8C /* Info.plist */ = {isa = PBXFileReference; lastKnownFileType = text.plist.xml; path = Info.plist; sourceTree = "<group>"; };
		38863C9927EB71DE001469EA /* ClimaManager.swift */ = {isa = PBXFileReference; lastKnownFileType = sourcecode.swift; path = ClimaManager.swift; sourceTree = "<group>"; };
/* End PBXFileReference section */

/* Begin PBXFrameworksBuildPhase section */
		380AB0B727E3872100A1CE8C /* Frameworks */ = {
			isa = PBXFrameworksBuildPhase;
			buildActionMask = 2147483647;
			files = (
			);
			runOnlyForDeploymentPostprocessing = 0;
		};
/* End PBXFrameworksBuildPhase section */

/* Begin PBXGroup section */
		380AB0B127E3872100A1CE8C = {
			isa = PBXGroup;
			children = (
				380AB0BC27E3872100A1CE8C /* Clima */,
				380AB0BB27E3872100A1CE8C /* Products */,
			);
			sourceTree = "<group>";
		};
		380AB0BB27E3872100A1CE8C /* Products */ = {
			isa = PBXGroup;
			children = (
				380AB0BA27E3872100A1CE8C /* Clima.app */,
			);
			name = Products;
			sourceTree = "<group>";
		};
		380AB0BC27E3872100A1CE8C /* Clima */ = {
			isa = PBXGroup;
			children = (
				380AB0BD27E3872100A1CE8C /* AppDelegate.swift */,
				380AB0BF27E3872100A1CE8C /* SceneDelegate.swift */,
				380AB0C127E3872100A1CE8C /* ViewController.swift */,
				380AB0C327E3872100A1CE8C /* Main.storyboard */,
				380AB0C627E3872700A1CE8C /* Assets.xcassets */,
				380AB0C827E3872700A1CE8C /* LaunchScreen.storyboard */,
				380AB0CB27E3872700A1CE8C /* Info.plist */,
				38863C9927EB71DE001469EA /* ClimaManager.swift */,
				3808E4E827ECC26700BFB80A /* DatosClima.swift */,
				3808E4EB27ECC38900BFB80A /* ClimaModelo.swift */,
			);
			path = Clima;
			sourceTree = "<group>";
		};
/* End PBXGroup section */

/* Begin PBXNativeTarget section */
		380AB0B927E3872100A1CE8C /* Clima */ = {
			isa = PBXNativeTarget;
			buildConfigurationList = 380AB0CE27E3872700A1CE8C /* Build configuration list for PBXNativeTarget "Clima" */;
			buildPhases = (
				380AB0B627E3872100A1CE8C /* Sources */,
				380AB0B727E3872100A1CE8C /* Frameworks */,
				380AB0B827E3872100A1CE8C /* Resources */,
			);
			buildRules = (
			);
			dependencies = (
			);
			name = Clima;
			productName = Clima;
			productReference = 380AB0BA27E3872100A1CE8C /* Clima.app */;
			productType = "com.apple.product-type.application";
		};
/* End PBXNativeTarget section */

/* Begin PBXProject section */
		380AB0B227E3872100A1CE8C /* Project object */ = {
			isa = PBXProject;
			attributes = {
				LastSwiftUpdateCheck = 1210;
				LastUpgradeCheck = 1210;
				TargetAttributes = {
					380AB0B927E3872100A1CE8C = {
						CreatedOnToolsVersion = 12.1;
					};
				};
			};
			buildConfigurationList = 380AB0B527E3872100A1CE8C /* Build configuration list for PBXProject "Clima" */;
			compatibilityVersion = "Xcode 9.3";
			developmentRegion = en;
			hasScannedForEncodings = 0;
			knownRegions = (
				en,
				Base,
			);
			mainGroup = 380AB0B127E3872100A1CE8C;
			productRefGroup = 380AB0BB27E3872100A1CE8C /* Products */;
			projectDirPath = "";
			projectRoot = "";
			targets = (
				380AB0B927E3872100A1CE8C /* Clima */,
			);
		};
/* End PBXProject section */

/* Begin PBXResourcesBuildPhase section */
		380AB0B827E3872100A1CE8C /* Resources */ = {
			isa = PBXResourcesBuildPhase;
			buildActionMask = 2147483647;
			files = (
				380AB0CA27E3872700A1CE8C /* LaunchScreen.storyboard in Resources */,
				380AB0C727E3872700A1CE8C /* Assets.xcassets in Resources */,
				380AB0C527E3872100A1CE8C /* Main.storyboard in Resources */,
			);
			runOnlyForDeploymentPostprocessing = 0;
		};
/* End PBXResourcesBuildPhase section */

/* Begin PBXSourcesBuildPhase section */
		380AB0B627E3872100A1CE8C /* Sources */ = {
			isa = PBXSourcesBuildPhase;
			buildActionMask = 2147483647;
			files = (
				3808E4EC27ECC38900BFB80A /* ClimaModelo.swift in Sources */,
				380AB0C227E3872100A1CE8C /* ViewController.swift in Sources */,
				3808E4E927ECC26700BFB80A /* DatosClima.swift in Sources */,
				380AB0BE27E3872100A1CE8C /* AppDelegate.swift in Sources */,
				38863C9A27EB71DE001469EA /* ClimaManager.swift in Sources */,
				380AB0C027E3872100A1CE8C /* SceneDelegate.swift in Sources */,
			);
			runOnlyForDeploymentPostprocessing = 0;
		};
/* End PBXSourcesBuildPhase section */

/* Begin PBXVariantGroup section */
		380AB0C327E3872100A1CE8C /* Main.storyboard */ = {
			isa = PBXVariantGroup;
			children = (
				380AB0C427E3872100A1CE8C /* Base */,
			);
			name = Main.storyboard;
			sourceTree = "<group>";
		};
		380AB0C827E3872700A1CE8C /* LaunchScreen.storyboard */ = {
			isa = PBXVariantGroup;
			children = (
				380AB0C927E3872700A1CE8C /* Base */,
			);
			name = LaunchScreen.storyboard;
			sourceTree = "<group>";
		};
/* End PBXVariantGroup section */

/* Begin XCBuildConfiguration section */
		380AB0CC27E3872700A1CE8C /* Debug */ = {
			isa = XCBuildConfiguration;
			buildSettings = {
				ALWAYS_SEARCH_USER_PATHS = NO;
				CLANG_ANALYZER_NONNULL = YES;
				CLANG_ANALYZER_NUMBER_OBJECT_CONVERSION = YES_AGGRESSIVE;
				CLANG_CXX_LANGUAGE_STANDARD = "gnu++14";
				CLANG_CXX_LIBRARY = "libc++";
				CLANG_ENABLE_MODULES = YES;
				CLANG_ENABLE_OBJC_ARC = YES;
				CLANG_ENABLE_OBJC_WEAK = YES;
				CLANG_WARN_BLOCK_CAPTURE_AUTORELEASING = YES;
				CLANG_WARN_BOOL_CONVERSION = YES;
				CLANG_WARN_COMMA = YES;
				CLANG_WARN_CONSTANT_CONVERSION = YES;
				CLANG_WARN_DEPRECATED_OBJC_IMPLEMENTATIONS = YES;
				CLANG_WARN_DIRECT_OBJC_ISA_USAGE = YES_ERROR;
				CLANG_WARN_DOCUMENTATION_COMMENTS = YES;
				CLANG_WARN_EMPTY_BODY = YES;
				CLANG_WARN_ENUM_CONVERSION = YES;
				CLANG_WARN_INFINITE_RECURSION = YES;
				CLANG_WARN_INT_CONVERSION = YES;
				CLANG_WARN_NON_LITERAL_NULL_CONVERSION = YES;
				CLANG_WARN_OBJC_IMPLICIT_RETAIN_SELF = YES;
				CLANG_WARN_OBJC_LITERAL_CONVERSION = YES;
				CLANG_WARN_OBJC_ROOT_CLASS = YES_ERROR;
				CLANG_WARN_QUOTED_INCLUDE_IN_FRAMEWORK_HEADER = YES;
				CLANG_WARN_RANGE_LOOP_ANALYSIS = YES;
				CLANG_WARN_STRICT_PROTOTYPES = YES;
				CLANG_WARN_SUSPICIOUS_MOVE = YES;
				CLANG_WARN_UNGUARDED_AVAILABILITY = YES_AGGRESSIVE;
				CLANG_WARN_UNREACHABLE_CODE = YES;
				CLANG_WARN__DUPLICATE_METHOD_MATCH = YES;
				COPY_PHASE_STRIP = NO;
				DEBUG_INFORMATION_FORMAT = dwarf;
				ENABLE_STRICT_OBJC_MSGSEND = YES;
				ENABLE_TESTABILITY = YES;
				GCC_C_LANGUAGE_STANDARD = gnu11;
				GCC_DYNAMIC_NO_PIC = NO;
				GCC_NO_COMMON_BLOCKS = YES;
				GCC_OPTIMIZATION_LEVEL = 0;
				GCC_PREPROCESSOR_DEFINITIONS = (
					"DEBUG=1",
					"$(inherited)",
				);
				GCC_WARN_64_TO_32_BIT_CONVERSION = YES;
				GCC_WARN_ABOUT_RETURN_TYPE = YES_ERROR;
				GCC_WARN_UNDECLARED_SELECTOR = YES;
				GCC_WARN_UNINITIALIZED_AUTOS = YES_AGGRESSIVE;
				GCC_WARN_UNUSED_FUNCTION = YES;
				GCC_WARN_UNUSED_VARIABLE = YES;
				IPHONEOS_DEPLOYMENT_TARGET = 14.1;
				MTL_ENABLE_DEBUG_INFO = INCLUDE_SOURCE;
				MTL_FAST_MATH = YES;
				ONLY_ACTIVE_ARCH = YES;
				SDKROOT = iphoneos;
				SWIFT_ACTIVE_COMPILATION_CONDITIONS = DEBUG;
				SWIFT_OPTIMIZATION_LEVEL = "-Onone";
			};
			name = Debug;
		};
		380AB0CD27E3872700A1CE8C /* Release */ = {
			isa = XCBuildConfiguration;
			buildSettings = {
				ALWAYS_SEARCH_USER_PATHS = NO;
				CLANG_ANALYZER_NONNULL = YES;
				CLANG_ANALYZER_NUMBER_OBJECT_CONVERSION = YES_AGGRESSIVE;
				CLANG_CXX_LANGUAGE_STANDARD = "gnu++14";
				CLANG_CXX_LIBRARY = "libc++";
				CLANG_ENABLE_MODULES = YES;
				CLANG_ENABLE_OBJC_ARC = YES;
				CLANG_ENABLE_OBJC_WEAK = YES;
				CLANG_WARN_BLOCK_CAPTURE_AUTORELEASING = YES;
				CLANG_WARN_BOOL_CONVERSION = YES;
				CLANG_WARN_COMMA = YES;
				CLANG_WARN_CONSTANT_CONVERSION = YES;
				CLANG_WARN_DEPRECATED_OBJC_IMPLEMENTATIONS = YES;
				CLANG_WARN_DIRECT_OBJC_ISA_USAGE = YES_ERROR;
				CLANG_WARN_DOCUMENTATION_COMMENTS = YES;
				CLANG_WARN_EMPTY_BODY = YES;
				CLANG_WARN_ENUM_CONVERSION = YES;
				CLANG_WARN_INFINITE_RECURSION = YES;
				CLANG_WARN_INT_CONVERSION = YES;
				CLANG_WARN_NON_LITERAL_NULL_CONVERSION = YES;
				CLANG_WARN_OBJC_IMPLICIT_RETAIN_SELF = YES;
				CLANG_WARN_OBJC_LITERAL_CONVERSION = YES;
				CLANG_WARN_OBJC_ROOT_CLASS = YES_ERROR;
				CLANG_WARN_QUOTED_INCLUDE_IN_FRAMEWORK_HEADER = YES;
				CLANG_WARN_RANGE_LOOP_ANALYSIS = YES;
				CLANG_WARN_STRICT_PROTOTYPES = YES;
				CLANG_WARN_SUSPICIOUS_MOVE = YES;
				CLANG_WARN_UNGUARDED_AVAILABILITY = YES_AGGRESSIVE;
				CLANG_WARN_UNREACHABLE_CODE = YES;
				CLANG_WARN__DUPLICATE_METHOD_MATCH = YES;
				COPY_PHASE_STRIP = NO;
				DEBUG_INFORMATION_FORMAT = "dwarf-with-dsym";
				ENABLE_NS_ASSERTIONS = NO;
				ENABLE_STRICT_OBJC_MSGSEND = YES;
				GCC_C_LANGUAGE_STANDARD = gnu11;
				GCC_NO_COMMON_BLOCKS = YES;
				GCC_WARN_64_TO_32_BIT_CONVERSION = YES;
				GCC_WARN_ABOUT_RETURN_TYPE = YES_ERROR;
				GCC_WARN_UNDECLARED_SELECTOR = YES;
				GCC_WARN_UNINITIALIZED_AUTOS = YES_AGGRESSIVE;
				GCC_WARN_UNUSED_FUNCTION = YES;
				GCC_WARN_UNUSED_VARIABLE = YES;
				IPHONEOS_DEPLOYMENT_TARGET = 14.1;
				MTL_ENABLE_DEBUG_INFO = NO;
				MTL_FAST_MATH = YES;
				SDKROOT = iphoneos;
				SWIFT_COMPILATION_MODE = wholemodule;
				SWIFT_OPTIMIZATION_LEVEL = "-O";
				VALIDATE_PRODUCT = YES;
			};
			name = Release;
		};
		380AB0CF27E3872700A1CE8C /* Debug */ = {
			isa = XCBuildConfiguration;
			buildSettings = {
				ASSETCATALOG_COMPILER_APPICON_NAME = AppIcon;
				ASSETCATALOG_COMPILER_GLOBAL_ACCENT_COLOR_NAME = AccentColor;
				CODE_SIGN_STYLE = Automatic;
				INFOPLIST_FILE = Clima/Info.plist;
				LD_RUNPATH_SEARCH_PATHS = (
					"$(inherited)",
					"@executable_path/Frameworks",
				);
				PRODUCT_BUNDLE_IDENTIFIER = com.itmorelia.Clima;
				PRODUCT_NAME = "$(TARGET_NAME)";
				SWIFT_VERSION = 5.0;
				TARGETED_DEVICE_FAMILY = "1,2";
			};
			name = Debug;
		};
		380AB0D027E3872700A1CE8C /* Release */ = {
			isa = XCBuildConfiguration;
			buildSettings = {
				ASSETCATALOG_COMPILER_APPICON_NAME = AppIcon;
				ASSETCATALOG_COMPILER_GLOBAL_ACCENT_COLOR_NAME = AccentColor;
				CODE_SIGN_STYLE = Automatic;
				INFOPLIST_FILE = Clima/Info.plist;
				LD_RUNPATH_SEARCH_PATHS = (
					"$(inherited)",
					"@executable_path/Frameworks",
				);
				PRODUCT_BUNDLE_IDENTIFIER = com.itmorelia.Clima;
				PRODUCT_NAME = "$(TARGET_NAME)";
				SWIFT_VERSION = 5.0;
				TARGETED_DEVICE_FAMILY = "1,2";
			};
			name = Release;
		};
/* End XCBuildConfiguration section */

/* Begin XCConfigurationList section */
		380AB0B527E3872100A1CE8C /* Build configuration list for PBXProject "Clima" */ = {
			isa = XCConfigurationList;
			buildConfigurations = (
				380AB0CC27E3872700A1CE8C /* Debug */,
				380AB0CD27E3872700A1CE8C /* Release */,
			);
			defaultConfigurationIsVisible = 0;
			defaultConfigurationName = Release;
		};
		380AB0CE27E3872700A1CE8C /* Build configuration list for PBXNativeTarget "Clima" */ = {
			isa = XCConfigurationList;
			buildConfigurations = (
				380AB0CF27E3872700A1CE8C /* Debug */,
				380AB0D027E3872700A1CE8C /* Release */,
			);
			defaultConfigurationIsVisible = 0;
			defaultConfigurationName = Release;
		};
/* End XCConfigurationList section */
	};
	rootObject = 380AB0B227E3872100A1CE8C /* Project object */;
}
